github.com/cplieger/httpx/v4 v4.3.2 h1:Vba8zyuBmPpeRAKtS9luI/DD5aNoxU+oVO76GQwsIIM=
github.com/cplieger/httpx/v4 v4.3.2/go.mod h1:5zw0hQHzTI3P6WZHOkZtU/pNhgNCckXvvUykAsH+4PA=
github.com/cplieger/xmlx v1.0.2 h1:cPovzliZ7s42nSuRz1d9CQiRfzuIqXO9SKeLmDd9h9k=
github.com/cplieger/xmlx v1.0.2/go.mod h1:p9kb7S7fOrOybB7WWyFH00kCJyIWQ9e98n3vC6O50NI=
pgregory.net/rapid v1.3.0 h1:vBvO0VSqti75J1jjYqpgPNBLKMd1+gxa9fYo7vk/Exc=
pgregory.net/rapid v1.3.0/go.mod h1:dPlE4OBBxgXPqkP79flB6sJL1dx5azpI7HQ9MY9Z7uk=
