github.com/cplieger/httpx/v5 v5.0.5 h1:A2h/B2WJfjdGsY+r/jTID3Y86vY7Dfyg1DV+p77ili8=
github.com/cplieger/httpx/v5 v5.0.5/go.mod h1:+oL1fPTCSNuzy7HZEC2eCSirL+D3fh/AblvN/nQPSt0=
github.com/cplieger/xmlx v1.0.6 h1:oKsCEocYbKcWM/4+j+l+QlPv4Myvqj+HQ3X+j5naDns=
github.com/cplieger/xmlx v1.0.6/go.mod h1:xEEyT298GrLxVQlpzActoEDfOQW0lwBuedrjXBc4cw4=
pgregory.net/rapid v1.3.0 h1:vBvO0VSqti75J1jjYqpgPNBLKMd1+gxa9fYo7vk/Exc=
pgregory.net/rapid v1.3.0/go.mod h1:dPlE4OBBxgXPqkP79flB6sJL1dx5azpI7HQ9MY9Z7uk=
